
Microsoft Visual Studio Solution File, Format Version 12.00
# Visual Studio 15
VisualStudioVersion = 15.0.26124.0
MinimumVisualStudioVersion = 15.0.26124.0
Project("{FAE04EC0-301F-11D3-BF4B-00C04F79EFBC}") = "Luke.Sample", "Luke.Sample\Luke.Sample.csproj", "{8E70AB71-FA4F-43AB-87CB-F06700755C97}"
EndProject
Project("{FAE04EC0-301F-11D3-BF4B-00C04F79EFBC}") = "Luke.SampleJob", "Luke.SampleJob\Luke.SampleJob.csproj", "{8181A61F-7EAB-4772-8FD8-E04E250A8B7E}"
EndProject
Global
	GlobalSection(SolutionConfigurationPlatforms) = preSolution
		Debug|Any CPU = Debug|Any CPU
		Debug|x64 = Debug|x64
		Debug|x86 = Debug|x86
		Release|Any CPU = Release|Any CPU
		Release|x64 = Release|x64
		Release|x86 = Release|x86
	EndGlobalSection
	GlobalSection(SolutionProperties) = preSolution
		HideSolutionNode = FALSE
	EndGlobalSection
	GlobalSection(ProjectConfigurationPlatforms) = postSolution
		{8E70AB71-FA4F-43AB-87CB-F06700755C97}.Debug|Any CPU.ActiveCfg = Debug|Any CPU
		{8E70AB71-FA4F-43AB-87CB-F06700755C97}.Debug|Any CPU.Build.0 = Debug|Any CPU
		{8E70AB71-FA4F-43AB-87CB-F06700755C97}.Debug|x64.ActiveCfg = Debug|x64
		{8E70AB71-FA4F-43AB-87CB-F06700755C97}.Debug|x64.Build.0 = Debug|x64
		{8E70AB71-FA4F-43AB-87CB-F06700755C97}.Debug|x86.ActiveCfg = Debug|x86
		{8E70AB71-FA4F-43AB-87CB-F06700755C97}.Debug|x86.Build.0 = Debug|x86
		{8E70AB71-FA4F-43AB-87CB-F06700755C97}.Release|Any CPU.ActiveCfg = Release|Any CPU
		{8E70AB71-FA4F-43AB-87CB-F06700755C97}.Release|Any CPU.Build.0 = Release|Any CPU
		{8E70AB71-FA4F-43AB-87CB-F06700755C97}.Release|x64.ActiveCfg = Release|x64
		{8E70AB71-FA4F-43AB-87CB-F06700755C97}.Release|x64.Build.0 = Release|x64
		{8E70AB71-FA4F-43AB-87CB-F06700755C97}.Release|x86.ActiveCfg = Release|x86
		{8E70AB71-FA4F-43AB-87CB-F06700755C97}.Release|x86.Build.0 = Release|x86
		{8181A61F-7EAB-4772-8FD8-E04E250A8B7E}.Debug|Any CPU.ActiveCfg = Debug|Any CPU
		{8181A61F-7EAB-4772-8FD8-E04E250A8B7E}.Debug|Any CPU.Build.0 = Debug|Any CPU
		{8181A61F-7EAB-4772-8FD8-E04E250A8B7E}.Debug|x64.ActiveCfg = Debug|x64
		{8181A61F-7EAB-4772-8FD8-E04E250A8B7E}.Debug|x64.Build.0 = Debug|x64
		{8181A61F-7EAB-4772-8FD8-E04E250A8B7E}.Debug|x86.ActiveCfg = Debug|x86
		{8181A61F-7EAB-4772-8FD8-E04E250A8B7E}.Debug|x86.Build.0 = Debug|x86
		{8181A61F-7EAB-4772-8FD8-E04E250A8B7E}.Release|Any CPU.ActiveCfg = Release|Any CPU
		{8181A61F-7EAB-4772-8FD8-E04E250A8B7E}.Release|Any CPU.Build.0 = Release|Any CPU
		{8181A61F-7EAB-4772-8FD8-E04E250A8B7E}.Release|x64.ActiveCfg = Release|x64
		{8181A61F-7EAB-4772-8FD8-E04E250A8B7E}.Release|x64.Build.0 = Release|x64
		{8181A61F-7EAB-4772-8FD8-E04E250A8B7E}.Release|x86.ActiveCfg = Release|x86
		{8181A61F-7EAB-4772-8FD8-E04E250A8B7E}.Release|x86.Build.0 = Release|x86
	EndGlobalSection
EndGlobal
