
Microsoft Visual Studio Solution File, Format Version 12.00
# Visual Studio 15
VisualStudioVersion = 15.0.27703.2000
MinimumVisualStudioVersion = 10.0.40219.1
Project("{9A19103F-16F7-4668-BE54-9A1E7A4F7556}") = "Luke.Core", "Luke.Core\Luke.Core.csproj", "{1592D57D-EFA6-4A42-9E6D-F4F1F0F240A8}"
EndProject
Project("{9A19103F-16F7-4668-BE54-9A1E7A4F7556}") = "Luke.Exceptions", "Luke.Exceptions\Luke.Exceptions.csproj", "{4747E16C-7232-47DC-87E6-1A08756DE31E}"
EndProject
Project("{9A19103F-16F7-4668-BE54-9A1E7A4F7556}") = "Luke.Models", "Luke.Models\Luke.Models.csproj", "{E9C55079-0E13-48BE-9340-8BBED1FDA7EA}"
EndProject
Global
	GlobalSection(SolutionConfigurationPlatforms) = preSolution
		Debug|Any CPU = Debug|Any CPU
		Release|Any CPU = Release|Any CPU
	EndGlobalSection
	GlobalSection(ProjectConfigurationPlatforms) = postSolution
		{1592D57D-EFA6-4A42-9E6D-F4F1F0F240A8}.Debug|Any CPU.ActiveCfg = Debug|Any CPU
		{1592D57D-EFA6-4A42-9E6D-F4F1F0F240A8}.Debug|Any CPU.Build.0 = Debug|Any CPU
		{1592D57D-EFA6-4A42-9E6D-F4F1F0F240A8}.Release|Any CPU.ActiveCfg = Release|Any CPU
		{1592D57D-EFA6-4A42-9E6D-F4F1F0F240A8}.Release|Any CPU.Build.0 = Release|Any CPU
		{4747E16C-7232-47DC-87E6-1A08756DE31E}.Debug|Any CPU.ActiveCfg = Debug|Any CPU
		{4747E16C-7232-47DC-87E6-1A08756DE31E}.Debug|Any CPU.Build.0 = Debug|Any CPU
		{4747E16C-7232-47DC-87E6-1A08756DE31E}.Release|Any CPU.ActiveCfg = Release|Any CPU
		{4747E16C-7232-47DC-87E6-1A08756DE31E}.Release|Any CPU.Build.0 = Release|Any CPU
		{E9C55079-0E13-48BE-9340-8BBED1FDA7EA}.Debug|Any CPU.ActiveCfg = Debug|Any CPU
		{E9C55079-0E13-48BE-9340-8BBED1FDA7EA}.Debug|Any CPU.Build.0 = Debug|Any CPU
		{E9C55079-0E13-48BE-9340-8BBED1FDA7EA}.Release|Any CPU.ActiveCfg = Release|Any CPU
		{E9C55079-0E13-48BE-9340-8BBED1FDA7EA}.Release|Any CPU.Build.0 = Release|Any CPU
	EndGlobalSection
	GlobalSection(SolutionProperties) = preSolution
		HideSolutionNode = FALSE
	EndGlobalSection
	GlobalSection(ExtensibilityGlobals) = postSolution
		SolutionGuid = {DE7A7A4F-521D-43EF-8F8E-93D37C281A61}
	EndGlobalSection
EndGlobal
